// !$*UTF8*$!
{
	archiveVersion = 1;
	classes = {
	};
	objectVersion = 55;
	objects = {

/* Begin PBXBuildFile section */
		D855CA43282F72C100443428 /* TRkbsHabitRecordListView.swift in Sources */ = {isa = PBXBuildFile; fileRef = D855CA42282F72C100443428 /* TRkbsHabitRecordListView.swift */; };
		D855CA4528312EA600443428 /* TEkbsRecordEditVC.swift in Sources */ = {isa = PBXBuildFile; fileRef = D855CA4428312EA600443428 /* TEkbsRecordEditVC.swift */; };
		D855CA4728411B8C00443428 /* StoreKit.framework in Frameworks */ = {isa = PBXBuildFile; fileRef = D855CA4628411B8C00443428 /* StoreKit.framework */; };
		EB1192A92831E99D00FA6A7D /* TRkbsDBManager.swift in Sources */ = {isa = PBXBuildFile; fileRef = EB1192A82831E99D00FA6A7D /* TRkbsDBManager.swift */; };
		EB37E781282DF48100579584 /* TRkbsRecordPageVC.swift in Sources */ = {isa = PBXBuildFile; fileRef = EB37E780282DF48100579584 /* TRkbsRecordPageVC.swift */; };
		EB3D095C283F6699001E1EB3 /* InfoPlist.strings in Resources */ = {isa = PBXBuildFile; fileRef = EB3D095E283F6699001E1EB3 /* InfoPlist.strings */; };
		EB433F592828B7F800830F26 /* AppDelegate.swift in Sources */ = {isa = PBXBuildFile; fileRef = EB433F582828B7F800830F26 /* AppDelegate.swift */; };
		EB433F5B2828B7F800830F26 /* SceneDelegate.swift in Sources */ = {isa = PBXBuildFile; fileRef = EB433F5A2828B7F800830F26 /* SceneDelegate.swift */; };
		EB433F5D2828B7F800830F26 /* ViewController.swift in Sources */ = {isa = PBXBuildFile; fileRef = EB433F5C2828B7F800830F26 /* ViewController.swift */; };
		EB433F602828B7F800830F26 /* Main.storyboard in Resources */ = {isa = PBXBuildFile; fileRef = EB433F5E2828B7F800830F26 /* Main.storyboard */; };
		EB433F622828B7FB00830F26 /* Assets.xcassets in Resources */ = {isa = PBXBuildFile; fileRef = EB433F612828B7FB00830F26 /* Assets.xcassets */; };
		EB433F652828B7FB00830F26 /* LaunchScreen.storyboard in Resources */ = {isa = PBXBuildFile; fileRef = EB433F632828B7FB00830F26 /* LaunchScreen.storyboard */; };
		EB433F6F2828BC5300830F26 /* TRkbsMainVC.swift in Sources */ = {isa = PBXBuildFile; fileRef = EB433F6E2828BC5300830F26 /* TRkbsMainVC.swift */; };
		EB433F722828BD8700830F26 /* ExtensionTool.swift in Sources */ = {isa = PBXBuildFile; fileRef = EB433F712828BD8700830F26 /* ExtensionTool.swift */; };
		EB433F742828BE3E00830F26 /* DataManagerTool.swift in Sources */ = {isa = PBXBuildFile; fileRef = EB433F732828BE3E00830F26 /* DataManagerTool.swift */; };
		EB433F762828BF6D00830F26 /* TRkbsSettingVC.swift in Sources */ = {isa = PBXBuildFile; fileRef = EB433F752828BF6D00830F26 /* TRkbsSettingVC.swift */; };
		EB433F7A2828F47A00830F26 /* TRkbsTitleIndexView.swift in Sources */ = {isa = PBXBuildFile; fileRef = EB433F792828F47A00830F26 /* TRkbsTitleIndexView.swift */; };
		EB433F7E282906B800830F26 /* TRkbsContentListView.swift in Sources */ = {isa = PBXBuildFile; fileRef = EB433F7D282906B800830F26 /* TRkbsContentListView.swift */; };
		EB433F8028291EE500830F26 /* TRkbsHabitVC.swift in Sources */ = {isa = PBXBuildFile; fileRef = EB433F7F28291EE500830F26 /* TRkbsHabitVC.swift */; };
		EB433F822829F9D500830F26 /* TRkbsColorView.swift in Sources */ = {isa = PBXBuildFile; fileRef = EB433F812829F9D500830F26 /* TRkbsColorView.swift */; };
		EB433F84282A0B1700830F26 /* TRkbsIconView.swift in Sources */ = {isa = PBXBuildFile; fileRef = EB433F83282A0B1700830F26 /* TRkbsIconView.swift */; };
		EB433FDD282A440600830F26 /* TRkbsTagView.swift in Sources */ = {isa = PBXBuildFile; fileRef = EB433FDC282A440600830F26 /* TRkbsTagView.swift */; };
		EB89A1642835149B002FEFF2 /* TRkbsPurchaseManager.swift in Sources */ = {isa = PBXBuildFile; fileRef = EB89A1632835149B002FEFF2 /* TRkbsPurchaseManager.swift */; };
		EB89A1662835165B002FEFF2 /* Keychain.swift in Sources */ = {isa = PBXBuildFile; fileRef = EB89A1652835165B002FEFF2 /* Keychain.swift */; };
		EBC61714283DCC76001116BD /* TRkbsSettingPrivateTermsView.swift in Sources */ = {isa = PBXBuildFile; fileRef = EBC61713283DCC76001116BD /* TRkbsSettingPrivateTermsView.swift */; };
		EBFE5D32283B8D1D00C7BCEC /* Localizable.strings in Resources */ = {isa = PBXBuildFile; fileRef = EBFE5D34283B8D1D00C7BCEC /* Localizable.strings */; };
		EF17A3343EEE31969B5C17F2 /* Pods_TRkbsTimeRecord.framework in Frameworks */ = {isa = PBXBuildFile; fileRef = AE3CB8B243E3B90B5BD0248E /* Pods_TRkbsTimeRecord.framework */; };
/* End PBXBuildFile section */

/* Begin PBXFileReference section */
		4D0EAA09015EFD65A0A89575 /* Pods-TRkbsTimeRecord.release.xcconfig */ = {isa = PBXFileReference; includeInIndex = 1; lastKnownFileType = text.xcconfig; name = "Pods-TRkbsTimeRecord.release.xcconfig"; path = "Target Support Files/Pods-TRkbsTimeRecord/Pods-TRkbsTimeRecord.release.xcconfig"; sourceTree = "<group>"; };
		63C443AB731E37D50A1081CF /* Pods-TRkbsTimeRecord.debug.xcconfig */ = {isa = PBXFileReference; includeInIndex = 1; lastKnownFileType = text.xcconfig; name = "Pods-TRkbsTimeRecord.debug.xcconfig"; path = "Target Support Files/Pods-TRkbsTimeRecord/Pods-TRkbsTimeRecord.debug.xcconfig"; sourceTree = "<group>"; };
		AE3CB8B243E3B90B5BD0248E /* Pods_TRkbsTimeRecord.framework */ = {isa = PBXFileReference; explicitFileType = wrapper.framework; includeInIndex = 0; path = Pods_TRkbsTimeRecord.framework; sourceTree = BUILT_PRODUCTS_DIR; };
		D855CA42282F72C100443428 /* TRkbsHabitRecordListView.swift */ = {isa = PBXFileReference; lastKnownFileType = sourcecode.swift; path = TRkbsHabitRecordListView.swift; sourceTree = "<group>"; };
		D855CA4428312EA600443428 /* TEkbsRecordEditVC.swift */ = {isa = PBXFileReference; lastKnownFileType = sourcecode.swift; path = TEkbsRecordEditVC.swift; sourceTree = "<group>"; };
		D855CA4628411B8C00443428 /* StoreKit.framework */ = {isa = PBXFileReference; lastKnownFileType = wrapper.framework; name = StoreKit.framework; path = System/Library/Frameworks/StoreKit.framework; sourceTree = SDKROOT; };
		D855CA4828411B8F00443428 /* TRkbsTimeRecord.entitlements */ = {isa = PBXFileReference; lastKnownFileType = text.plist.entitlements; path = TRkbsTimeRecord.entitlements; sourceTree = "<group>"; };
		D855CA4928411BB700443428 /* TRkbsTimeRecordRelease.entitlements */ = {isa = PBXFileReference; lastKnownFileType = text.plist.entitlements; path = TRkbsTimeRecordRelease.entitlements; sourceTree = "<group>"; };
		EB1192A82831E99D00FA6A7D /* TRkbsDBManager.swift */ = {isa = PBXFileReference; lastKnownFileType = sourcecode.swift; path = TRkbsDBManager.swift; sourceTree = "<group>"; };
		EB37E780282DF48100579584 /* TRkbsRecordPageVC.swift */ = {isa = PBXFileReference; lastKnownFileType = sourcecode.swift; path = TRkbsRecordPageVC.swift; sourceTree = "<group>"; };
		EB3D0959283F1AFB001E1EB3 /* Configuration.storekit */ = {isa = PBXFileReference; lastKnownFileType = text; path = Configuration.storekit; sourceTree = "<group>"; };
		EB3D095D283F6699001E1EB3 /* en */ = {isa = PBXFileReference; lastKnownFileType = text.plist.strings; name = en; path = en.lproj/InfoPlist.strings; sourceTree = "<group>"; };
		EB3D095F283F669B001E1EB3 /* zh-Hans */ = {isa = PBXFileReference; lastKnownFileType = text.plist.strings; name = "zh-Hans"; path = "zh-Hans.lproj/InfoPlist.strings"; sourceTree = "<group>"; };
		EB433F552828B7F800830F26 /* TRkbsTimeRecord.app */ = {isa = PBXFileReference; explicitFileType = wrapper.application; includeInIndex = 0; path = TRkbsTimeRecord.app; sourceTree = BUILT_PRODUCTS_DIR; };
		EB433F582828B7F800830F26 /* AppDelegate.swift */ = {isa = PBXFileReference; lastKnownFileType = sourcecode.swift; path = AppDelegate.swift; sourceTree = "<group>"; };
		EB433F5A2828B7F800830F26 /* SceneDelegate.swift */ = {isa = PBXFileReference; lastKnownFileType = sourcecode.swift; path = SceneDelegate.swift; sourceTree = "<group>"; };
		EB433F5C2828B7F800830F26 /* ViewController.swift */ = {isa = PBXFileReference; lastKnownFileType = sourcecode.swift; path = ViewController.swift; sourceTree = "<group>"; };
		EB433F5F2828B7F800830F26 /* Base */ = {isa = PBXFileReference; lastKnownFileType = file.storyboard; name = Base; path = Base.lproj/Main.storyboard; sourceTree = "<group>"; };
		EB433F612828B7FB00830F26 /* Assets.xcassets */ = {isa = PBXFileReference; lastKnownFileType = folder.assetcatalog; path = Assets.xcassets; sourceTree = "<group>"; };
		EB433F642828B7FB00830F26 /* Base */ = {isa = PBXFileReference; lastKnownFileType = file.storyboard; name = Base; path = Base.lproj/LaunchScreen.storyboard; sourceTree = "<group>"; };
		EB433F662828B7FB00830F26 /* Info.plist */ = {isa = PBXFileReference; lastKnownFileType = text.plist.xml; path = Info.plist; sourceTree = "<group>"; };
		EB433F6E2828BC5300830F26 /* TRkbsMainVC.swift */ = {isa = PBXFileReference; lastKnownFileType = sourcecode.swift; path = TRkbsMainVC.swift; sourceTree = "<group>"; };
		EB433F712828BD8700830F26 /* ExtensionTool.swift */ = {isa = PBXFileReference; lastKnownFileType = sourcecode.swift; path = ExtensionTool.swift; sourceTree = "<group>"; };
		EB433F732828BE3E00830F26 /* DataManagerTool.swift */ = {isa = PBXFileReference; lastKnownFileType = sourcecode.swift; path = DataManagerTool.swift; sourceTree = "<group>"; };
		EB433F752828BF6D00830F26 /* TRkbsSettingVC.swift */ = {isa = PBXFileReference; lastKnownFileType = sourcecode.swift; path = TRkbsSettingVC.swift; sourceTree = "<group>"; };
		EB433F792828F47A00830F26 /* TRkbsTitleIndexView.swift */ = {isa = PBXFileReference; lastKnownFileType = sourcecode.swift; path = TRkbsTitleIndexView.swift; sourceTree = "<group>"; };
		EB433F7D282906B800830F26 /* TRkbsContentListView.swift */ = {isa = PBXFileReference; lastKnownFileType = sourcecode.swift; path = TRkbsContentListView.swift; sourceTree = "<group>"; };
		EB433F7F28291EE500830F26 /* TRkbsHabitVC.swift */ = {isa = PBXFileReference; lastKnownFileType = sourcecode.swift; path = TRkbsHabitVC.swift; sourceTree = "<group>"; };
		EB433F812829F9D500830F26 /* TRkbsColorView.swift */ = {isa = PBXFileReference; lastKnownFileType = sourcecode.swift; path = TRkbsColorView.swift; sourceTree = "<group>"; };
		EB433F83282A0B1700830F26 /* TRkbsIconView.swift */ = {isa = PBXFileReference; lastKnownFileType = sourcecode.swift; path = TRkbsIconView.swift; sourceTree = "<group>"; };
		EB433FDC282A440600830F26 /* TRkbsTagView.swift */ = {isa = PBXFileReference; lastKnownFileType = sourcecode.swift; path = TRkbsTagView.swift; sourceTree = "<group>"; };
		EB89A1632835149B002FEFF2 /* TRkbsPurchaseManager.swift */ = {isa = PBXFileReference; lastKnownFileType = sourcecode.swift; path = TRkbsPurchaseManager.swift; sourceTree = "<group>"; };
		EB89A1652835165B002FEFF2 /* Keychain.swift */ = {isa = PBXFileReference; lastKnownFileType = sourcecode.swift; path = Keychain.swift; sourceTree = "<group>"; };
		EBC61713283DCC76001116BD /* TRkbsSettingPrivateTermsView.swift */ = {isa = PBXFileReference; lastKnownFileType = sourcecode.swift; path = TRkbsSettingPrivateTermsView.swift; sourceTree = "<group>"; };
		EBFE5D2E283B8CFB00C7BCEC /* zh-Hans */ = {isa = PBXFileReference; lastKnownFileType = text.plist.strings; name = "zh-Hans"; path = "zh-Hans.lproj/Main.strings"; sourceTree = "<group>"; };
		EBFE5D2F283B8CFB00C7BCEC /* zh-Hans */ = {isa = PBXFileReference; lastKnownFileType = text.plist.strings; name = "zh-Hans"; path = "zh-Hans.lproj/LaunchScreen.strings"; sourceTree = "<group>"; };
		EBFE5D33283B8D1D00C7BCEC /* en */ = {isa = PBXFileReference; lastKnownFileType = text.plist.strings; name = en; path = en.lproj/Localizable.strings; sourceTree = "<group>"; };
		EBFE5D35283B8D2000C7BCEC /* zh-Hans */ = {isa = PBXFileReference; lastKnownFileType = text.plist.strings; name = "zh-Hans"; path = "zh-Hans.lproj/Localizable.strings"; sourceTree = "<group>"; };
		EBFE5D36283B953D00C7BCEC /* ja */ = {isa = PBXFileReference; lastKnownFileType = text.plist.strings; name = ja; path = ja.lproj/Main.strings; sourceTree = "<group>"; };
		EBFE5D37283B953D00C7BCEC /* ja */ = {isa = PBXFileReference; lastKnownFileType = text.plist.strings; name = ja; path = ja.lproj/LaunchScreen.strings; sourceTree = "<group>"; };
		EBFE5D38283B953D00C7BCEC /* ja */ = {isa = PBXFileReference; lastKnownFileType = text.plist.strings; name = ja; path = ja.lproj/Localizable.strings; sourceTree = "<group>"; };
		EBFE5D39283B95AC00C7BCEC /* ko */ = {isa = PBXFileReference; lastKnownFileType = text.plist.strings; name = ko; path = ko.lproj/Main.strings; sourceTree = "<group>"; };
		EBFE5D3A283B95AC00C7BCEC /* ko */ = {isa = PBXFileReference; lastKnownFileType = text.plist.strings; name = ko; path = ko.lproj/LaunchScreen.strings; sourceTree = "<group>"; };
		EBFE5D3B283B95AC00C7BCEC /* ko */ = {isa = PBXFileReference; lastKnownFileType = text.plist.strings; name = ko; path = ko.lproj/Localizable.strings; sourceTree = "<group>"; };
/* End PBXFileReference section */

/* Begin PBXFrameworksBuildPhase section */
		EB433F522828B7F800830F26 /* Frameworks */ = {
			isa = PBXFrameworksBuildPhase;
			buildActionMask = 2147483647;
			files = (
				EF17A3343EEE31969B5C17F2 /* Pods_TRkbsTimeRecord.framework in Frameworks */,
				D855CA4728411B8C00443428 /* StoreKit.framework in Frameworks */,
			);
			runOnlyForDeploymentPostprocessing = 0;
		};
/* End PBXFrameworksBuildPhase section */

/* Begin PBXGroup section */
		A6ED72081D8C306C3CC02227 /* Frameworks */ = {
			isa = PBXGroup;
			children = (
				D855CA4628411B8C00443428 /* StoreKit.framework */,
				AE3CB8B243E3B90B5BD0248E /* Pods_TRkbsTimeRecord.framework */,
			);
			name = Frameworks;
			sourceTree = "<group>";
		};
		E1C05242A89170595EC2358A /* Pods */ = {
			isa = PBXGroup;
			children = (
				63C443AB731E37D50A1081CF /* Pods-TRkbsTimeRecord.debug.xcconfig */,
				4D0EAA09015EFD65A0A89575 /* Pods-TRkbsTimeRecord.release.xcconfig */,
			);
			path = Pods;
			sourceTree = "<group>";
		};
		EB1192A72831E98A00FA6A7D /* DBManager */ = {
			isa = PBXGroup;
			children = (
				EB1192A82831E99D00FA6A7D /* TRkbsDBManager.swift */,
			);
			path = DBManager;
			sourceTree = "<group>";
		};
		EB433F4C2828B7F800830F26 = {
			isa = PBXGroup;
			children = (
				EB433F572828B7F800830F26 /* TRkbsTimeRecord */,
				EB433F562828B7F800830F26 /* Products */,
				E1C05242A89170595EC2358A /* Pods */,
				A6ED72081D8C306C3CC02227 /* Frameworks */,
			);
			sourceTree = "<group>";
		};
		EB433F562828B7F800830F26 /* Products */ = {
			isa = PBXGroup;
			children = (
				EB433F552828B7F800830F26 /* TRkbsTimeRecord.app */,
			);
			name = Products;
			sourceTree = "<group>";
		};
		EB433F572828B7F800830F26 /* TRkbsTimeRecord */ = {
			isa = PBXGroup;
			children = (
				D855CA4928411BB700443428 /* TRkbsTimeRecordRelease.entitlements */,
				D855CA4828411B8F00443428 /* TRkbsTimeRecord.entitlements */,
				EB1192A72831E98A00FA6A7D /* DBManager */,
				EB433F702828BD7300830F26 /* ExtensionGroup */,
				EB433F6D2828BC2C00830F26 /* MainGroup */,
				EB433F6C2828BC0700830F26 /* Root */,
			);
			path = TRkbsTimeRecord;
			sourceTree = "<group>";
		};
		EB433F6C2828BC0700830F26 /* Root */ = {
			isa = PBXGroup;
			children = (
				EB433F582828B7F800830F26 /* AppDelegate.swift */,
				EB433F5A2828B7F800830F26 /* SceneDelegate.swift */,
				EB433F5C2828B7F800830F26 /* ViewController.swift */,
				EB433F5E2828B7F800830F26 /* Main.storyboard */,
				EB433F612828B7FB00830F26 /* Assets.xcassets */,
				EB433F632828B7FB00830F26 /* LaunchScreen.storyboard */,
				EB433F662828B7FB00830F26 /* Info.plist */,
				EB3D0959283F1AFB001E1EB3 /* Configuration.storekit */,
				EB3D095E283F6699001E1EB3 /* InfoPlist.strings */,
				EBFE5D34283B8D1D00C7BCEC /* Localizable.strings */,
			);
			name = Root;
			sourceTree = "<group>";
		};
		EB433F6D2828BC2C00830F26 /* MainGroup */ = {
			isa = PBXGroup;
			children = (
				EB433F6E2828BC5300830F26 /* TRkbsMainVC.swift */,
				EB433F7F28291EE500830F26 /* TRkbsHabitVC.swift */,
				EB37E780282DF48100579584 /* TRkbsRecordPageVC.swift */,
				D855CA4428312EA600443428 /* TEkbsRecordEditVC.swift */,
				EB433F752828BF6D00830F26 /* TRkbsSettingVC.swift */,
				EB433F782828F43100830F26 /* Views */,
			);
			path = MainGroup;
			sourceTree = "<group>";
		};
		EB433F702828BD7300830F26 /* ExtensionGroup */ = {
			isa = PBXGroup;
			children = (
				EB433F712828BD8700830F26 /* ExtensionTool.swift */,
				EB433F732828BE3E00830F26 /* DataManagerTool.swift */,
				EB89A1632835149B002FEFF2 /* TRkbsPurchaseManager.swift */,
				EB89A1652835165B002FEFF2 /* Keychain.swift */,
			);
			path = ExtensionGroup;
			sourceTree = "<group>";
		};
		EB433F782828F43100830F26 /* Views */ = {
			isa = PBXGroup;
			children = (
				EB433F792828F47A00830F26 /* TRkbsTitleIndexView.swift */,
				EB433F7D282906B800830F26 /* TRkbsContentListView.swift */,
				EB433F812829F9D500830F26 /* TRkbsColorView.swift */,
				EB433F83282A0B1700830F26 /* TRkbsIconView.swift */,
				EB433FDC282A440600830F26 /* TRkbsTagView.swift */,
				D855CA42282F72C100443428 /* TRkbsHabitRecordListView.swift */,
				EBC61713283DCC76001116BD /* TRkbsSettingPrivateTermsView.swift */,
			);
			path = Views;
			sourceTree = "<group>";
		};
/* End PBXGroup section */

/* Begin PBXNativeTarget section */
		EB433F542828B7F800830F26 /* TRkbsTimeRecord */ = {
			isa = PBXNativeTarget;
			buildConfigurationList = EB433F692828B7FB00830F26 /* Build configuration list for PBXNativeTarget "TRkbsTimeRecord" */;
			buildPhases = (
				0C5CB3CA80C01292919D8689 /* [CP] Check Pods Manifest.lock */,
				EB433F512828B7F800830F26 /* Sources */,
				EB433F522828B7F800830F26 /* Frameworks */,
				EB433F532828B7F800830F26 /* Resources */,
				2D5A3C886258CD8F75400A49 /* [CP] Embed Pods Frameworks */,
			);
			buildRules = (
			);
			dependencies = (
			);
			name = TRkbsTimeRecord;
			productName = TRkbsTimeRecord;
			productReference = EB433F552828B7F800830F26 /* TRkbsTimeRecord.app */;
			productType = "com.apple.product-type.application";
		};
/* End PBXNativeTarget section */

/* Begin PBXProject section */
		EB433F4D2828B7F800830F26 /* Project object */ = {
			isa = PBXProject;
			attributes = {
				BuildIndependentTargetsInParallel = 1;
				LastSwiftUpdateCheck = 1330;
				LastUpgradeCheck = 1330;
				TargetAttributes = {
					EB433F542828B7F800830F26 = {
						CreatedOnToolsVersion = 13.3.1;
					};
				};
			};
			buildConfigurationList = EB433F502828B7F800830F26 /* Build configuration list for PBXProject "TRkbsTimeRecord" */;
			compatibilityVersion = "Xcode 13.0";
			developmentRegion = en;
			hasScannedForEncodings = 0;
			knownRegions = (
				en,
				Base,
				"zh-Hans",
				ja,
				ko,
			);
			mainGroup = EB433F4C2828B7F800830F26;
			productRefGroup = EB433F562828B7F800830F26 /* Products */;
			projectDirPath = "";
			projectRoot = "";
			targets = (
				EB433F542828B7F800830F26 /* TRkbsTimeRecord */,
			);
		};
/* End PBXProject section */

/* Begin PBXResourcesBuildPhase section */
		EB433F532828B7F800830F26 /* Resources */ = {
			isa = PBXResourcesBuildPhase;
			buildActionMask = 2147483647;
			files = (
				EB433F652828B7FB00830F26 /* LaunchScreen.storyboard in Resources */,
				EBFE5D32283B8D1D00C7BCEC /* Localizable.strings in Resources */,
				EB433F622828B7FB00830F26 /* Assets.xcassets in Resources */,
				EB433F602828B7F800830F26 /* Main.storyboard in Resources */,
				EB3D095C283F6699001E1EB3 /* InfoPlist.strings in Resources */,
			);
			runOnlyForDeploymentPostprocessing = 0;
		};
/* End PBXResourcesBuildPhase section */

/* Begin PBXShellScriptBuildPhase section */
		0C5CB3CA80C01292919D8689 /* [CP] Check Pods Manifest.lock */ = {
			isa = PBXShellScriptBuildPhase;
			buildActionMask = 2147483647;
			files = (
			);
			inputFileListPaths = (
			);
			inputPaths = (
				"${PODS_PODFILE_DIR_PATH}/Podfile.lock",
				"${PODS_ROOT}/Manifest.lock",
			);
			name = "[CP] Check Pods Manifest.lock";
			outputFileListPaths = (
			);
			outputPaths = (
				"$(DERIVED_FILE_DIR)/Pods-TRkbsTimeRecord-checkManifestLockResult.txt",
			);
			runOnlyForDeploymentPostprocessing = 0;
			shellPath = /bin/sh;
			shellScript = "diff \"${PODS_PODFILE_DIR_PATH}/Podfile.lock\" \"${PODS_ROOT}/Manifest.lock\" > /dev/null\nif [ $? != 0 ] ; then\n    # print error to STDERR\n    echo \"error: The sandbox is not in sync with the Podfile.lock. Run 'pod install' or update your CocoaPods installation.\" >&2\n    exit 1\nfi\n# This output is used by Xcode 'outputs' to avoid re-running this script phase.\necho \"SUCCESS\" > \"${SCRIPT_OUTPUT_FILE_0}\"\n";
			showEnvVarsInLog = 0;
		};
		2D5A3C886258CD8F75400A49 /* [CP] Embed Pods Frameworks */ = {
			isa = PBXShellScriptBuildPhase;
			buildActionMask = 2147483647;
			files = (
			);
			inputFileListPaths = (
				"${PODS_ROOT}/Target Support Files/Pods-TRkbsTimeRecord/Pods-TRkbsTimeRecord-frameworks-${CONFIGURATION}-input-files.xcfilelist",
			);
			name = "[CP] Embed Pods Frameworks";
			outputFileListPaths = (
				"${PODS_ROOT}/Target Support Files/Pods-TRkbsTimeRecord/Pods-TRkbsTimeRecord-frameworks-${CONFIGURATION}-output-files.xcfilelist",
			);
			runOnlyForDeploymentPostprocessing = 0;
			shellPath = /bin/sh;
			shellScript = "\"${PODS_ROOT}/Target Support Files/Pods-TRkbsTimeRecord/Pods-TRkbsTimeRecord-frameworks.sh\"\n";
			showEnvVarsInLog = 0;
		};
/* End PBXShellScriptBuildPhase section */

/* Begin PBXSourcesBuildPhase section */
		EB433F512828B7F800830F26 /* Sources */ = {
			isa = PBXSourcesBuildPhase;
			buildActionMask = 2147483647;
			files = (
				EB433F6F2828BC5300830F26 /* TRkbsMainVC.swift in Sources */,
				EB433F762828BF6D00830F26 /* TRkbsSettingVC.swift in Sources */,
				EB433F5D2828B7F800830F26 /* ViewController.swift in Sources */,
				EB433F722828BD8700830F26 /* ExtensionTool.swift in Sources */,
				D855CA43282F72C100443428 /* TRkbsHabitRecordListView.swift in Sources */,
				EB433F84282A0B1700830F26 /* TRkbsIconView.swift in Sources */,
				EB37E781282DF48100579584 /* TRkbsRecordPageVC.swift in Sources */,
				EB433FDD282A440600830F26 /* TRkbsTagView.swift in Sources */,
				EB433F592828B7F800830F26 /* AppDelegate.swift in Sources */,
				D855CA4528312EA600443428 /* TEkbsRecordEditVC.swift in Sources */,
				EBC61714283DCC76001116BD /* TRkbsSettingPrivateTermsView.swift in Sources */,
				EB1192A92831E99D00FA6A7D /* TRkbsDBManager.swift in Sources */,
				EB89A1662835165B002FEFF2 /* Keychain.swift in Sources */,
				EB433F822829F9D500830F26 /* TRkbsColorView.swift in Sources */,
				EB433F7E282906B800830F26 /* TRkbsContentListView.swift in Sources */,
				EB433F5B2828B7F800830F26 /* SceneDelegate.swift in Sources */,
				EB433F742828BE3E00830F26 /* DataManagerTool.swift in Sources */,
				EB433F8028291EE500830F26 /* TRkbsHabitVC.swift in Sources */,
				EB433F7A2828F47A00830F26 /* TRkbsTitleIndexView.swift in Sources */,
				EB89A1642835149B002FEFF2 /* TRkbsPurchaseManager.swift in Sources */,
			);
			runOnlyForDeploymentPostprocessing = 0;
		};
/* End PBXSourcesBuildPhase section */

/* Begin PBXVariantGroup section */
		EB3D095E283F6699001E1EB3 /* InfoPlist.strings */ = {
			isa = PBXVariantGroup;
			children = (
				EB3D095D283F6699001E1EB3 /* en */,
				EB3D095F283F669B001E1EB3 /* zh-Hans */,
			);
			name = InfoPlist.strings;
			sourceTree = "<group>";
		};
		EB433F5E2828B7F800830F26 /* Main.storyboard */ = {
			isa = PBXVariantGroup;
			children = (
				EB433F5F2828B7F800830F26 /* Base */,
				EBFE5D2E283B8CFB00C7BCEC /* zh-Hans */,
				EBFE5D36283B953D00C7BCEC /* ja */,
				EBFE5D39283B95AC00C7BCEC /* ko */,
			);
			name = Main.storyboard;
			sourceTree = "<group>";
		};
		EB433F632828B7FB00830F26 /* LaunchScreen.storyboard */ = {
			isa = PBXVariantGroup;
			children = (
				EB433F642828B7FB00830F26 /* Base */,
				EBFE5D2F283B8CFB00C7BCEC /* zh-Hans */,
				EBFE5D37283B953D00C7BCEC /* ja */,
				EBFE5D3A283B95AC00C7BCEC /* ko */,
			);
			name = LaunchScreen.storyboard;
			sourceTree = "<group>";
		};
		EBFE5D34283B8D1D00C7BCEC /* Localizable.strings */ = {
			isa = PBXVariantGroup;
			children = (
				EBFE5D33283B8D1D00C7BCEC /* en */,
				EBFE5D35283B8D2000C7BCEC /* zh-Hans */,
				EBFE5D38283B953D00C7BCEC /* ja */,
				EBFE5D3B283B95AC00C7BCEC /* ko */,
			);
			name = Localizable.strings;
			sourceTree = "<group>";
		};
/* End PBXVariantGroup section */

/* Begin XCBuildConfiguration section */
		EB433F672828B7FB00830F26 /* Debug */ = {
			isa = XCBuildConfiguration;
			buildSettings = {
				ALWAYS_SEARCH_USER_PATHS = NO;
				CLANG_ANALYZER_LOCALIZABILITY_NONLOCALIZED = YES;
				CLANG_ANALYZER_NONNULL = YES;
				CLANG_ANALYZER_NUMBER_OBJECT_CONVERSION = YES_AGGRESSIVE;
				CLANG_CXX_LANGUAGE_STANDARD = "gnu++17";
				CLANG_ENABLE_MODULES = YES;
				CLANG_ENABLE_OBJC_ARC = YES;
				CLANG_ENABLE_OBJC_WEAK = YES;
				CLANG_WARN_BLOCK_CAPTURE_AUTORELEASING = YES;
				CLANG_WARN_BOOL_CONVERSION = YES;
				CLANG_WARN_COMMA = YES;
				CLANG_WARN_CONSTANT_CONVERSION = YES;
				CLANG_WARN_DEPRECATED_OBJC_IMPLEMENTATIONS = YES;
				CLANG_WARN_DIRECT_OBJC_ISA_USAGE = YES_ERROR;
				CLANG_WARN_DOCUMENTATION_COMMENTS = YES;
				CLANG_WARN_EMPTY_BODY = YES;
				CLANG_WARN_ENUM_CONVERSION = YES;
				CLANG_WARN_INFINITE_RECURSION = YES;
				CLANG_WARN_INT_CONVERSION = YES;
				CLANG_WARN_NON_LITERAL_NULL_CONVERSION = YES;
				CLANG_WARN_OBJC_IMPLICIT_RETAIN_SELF = YES;
				CLANG_WARN_OBJC_LITERAL_CONVERSION = YES;
				CLANG_WARN_OBJC_ROOT_CLASS = YES_ERROR;
				CLANG_WARN_QUOTED_INCLUDE_IN_FRAMEWORK_HEADER = YES;
				CLANG_WARN_RANGE_LOOP_ANALYSIS = YES;
				CLANG_WARN_STRICT_PROTOTYPES = YES;
				CLANG_WARN_SUSPICIOUS_MOVE = YES;
				CLANG_WARN_UNGUARDED_AVAILABILITY = YES_AGGRESSIVE;
				CLANG_WARN_UNREACHABLE_CODE = YES;
				CLANG_WARN__DUPLICATE_METHOD_MATCH = YES;
				COPY_PHASE_STRIP = NO;
				DEBUG_INFORMATION_FORMAT = dwarf;
				ENABLE_STRICT_OBJC_MSGSEND = YES;
				ENABLE_TESTABILITY = YES;
				GCC_C_LANGUAGE_STANDARD = gnu11;
				GCC_DYNAMIC_NO_PIC = NO;
				GCC_NO_COMMON_BLOCKS = YES;
				GCC_OPTIMIZATION_LEVEL = 0;
				GCC_PREPROCESSOR_DEFINITIONS = (
					"DEBUG=1",
					"$(inherited)",
				);
				GCC_WARN_64_TO_32_BIT_CONVERSION = YES;
				GCC_WARN_ABOUT_RETURN_TYPE = YES_ERROR;
				GCC_WARN_UNDECLARED_SELECTOR = YES;
				GCC_WARN_UNINITIALIZED_AUTOS = YES_AGGRESSIVE;
				GCC_WARN_UNUSED_FUNCTION = YES;
				GCC_WARN_UNUSED_VARIABLE = YES;
				IPHONEOS_DEPLOYMENT_TARGET = 13.0;
				MTL_ENABLE_DEBUG_INFO = INCLUDE_SOURCE;
				MTL_FAST_MATH = YES;
				ONLY_ACTIVE_ARCH = YES;
				SDKROOT = iphoneos;
				SWIFT_ACTIVE_COMPILATION_CONDITIONS = DEBUG;
				SWIFT_OPTIMIZATION_LEVEL = "-Onone";
			};
			name = Debug;
		};
		EB433F682828B7FB00830F26 /* Release */ = {
			isa = XCBuildConfiguration;
			buildSettings = {
				ALWAYS_SEARCH_USER_PATHS = NO;
				CLANG_ANALYZER_LOCALIZABILITY_NONLOCALIZED = YES;
				CLANG_ANALYZER_NONNULL = YES;
				CLANG_ANALYZER_NUMBER_OBJECT_CONVERSION = YES_AGGRESSIVE;
				CLANG_CXX_LANGUAGE_STANDARD = "gnu++17";
				CLANG_ENABLE_MODULES = YES;
				CLANG_ENABLE_OBJC_ARC = YES;
				CLANG_ENABLE_OBJC_WEAK = YES;
				CLANG_WARN_BLOCK_CAPTURE_AUTORELEASING = YES;
				CLANG_WARN_BOOL_CONVERSION = YES;
				CLANG_WARN_COMMA = YES;
				CLANG_WARN_CONSTANT_CONVERSION = YES;
				CLANG_WARN_DEPRECATED_OBJC_IMPLEMENTATIONS = YES;
				CLANG_WARN_DIRECT_OBJC_ISA_USAGE = YES_ERROR;
				CLANG_WARN_DOCUMENTATION_COMMENTS = YES;
				CLANG_WARN_EMPTY_BODY = YES;
				CLANG_WARN_ENUM_CONVERSION = YES;
				CLANG_WARN_INFINITE_RECURSION = YES;
				CLANG_WARN_INT_CONVERSION = YES;
				CLANG_WARN_NON_LITERAL_NULL_CONVERSION = YES;
				CLANG_WARN_OBJC_IMPLICIT_RETAIN_SELF = YES;
				CLANG_WARN_OBJC_LITERAL_CONVERSION = YES;
				CLANG_WARN_OBJC_ROOT_CLASS = YES_ERROR;
				CLANG_WARN_QUOTED_INCLUDE_IN_FRAMEWORK_HEADER = YES;
				CLANG_WARN_RANGE_LOOP_ANALYSIS = YES;
				CLANG_WARN_STRICT_PROTOTYPES = YES;
				CLANG_WARN_SUSPICIOUS_MOVE = YES;
				CLANG_WARN_UNGUARDED_AVAILABILITY = YES_AGGRESSIVE;
				CLANG_WARN_UNREACHABLE_CODE = YES;
				CLANG_WARN__DUPLICATE_METHOD_MATCH = YES;
				COPY_PHASE_STRIP = NO;
				DEBUG_INFORMATION_FORMAT = "dwarf-with-dsym";
				ENABLE_NS_ASSERTIONS = NO;
				ENABLE_STRICT_OBJC_MSGSEND = YES;
				GCC_C_LANGUAGE_STANDARD = gnu11;
				GCC_NO_COMMON_BLOCKS = YES;
				GCC_WARN_64_TO_32_BIT_CONVERSION = YES;
				GCC_WARN_ABOUT_RETURN_TYPE = YES_ERROR;
				GCC_WARN_UNDECLARED_SELECTOR = YES;
				GCC_WARN_UNINITIALIZED_AUTOS = YES_AGGRESSIVE;
				GCC_WARN_UNUSED_FUNCTION = YES;
				GCC_WARN_UNUSED_VARIABLE = YES;
				IPHONEOS_DEPLOYMENT_TARGET = 13.0;
				MTL_ENABLE_DEBUG_INFO = NO;
				MTL_FAST_MATH = YES;
				SDKROOT = iphoneos;
				SWIFT_COMPILATION_MODE = wholemodule;
				SWIFT_OPTIMIZATION_LEVEL = "-O";
				VALIDATE_PRODUCT = YES;
			};
			name = Release;
		};
		EB433F6A2828B7FB00830F26 /* Debug */ = {
			isa = XCBuildConfiguration;
			baseConfigurationReference = 63C443AB731E37D50A1081CF /* Pods-TRkbsTimeRecord.debug.xcconfig */;
			buildSettings = {
				ASSETCATALOG_COMPILER_APPICON_NAME = AppIcon;
				ASSETCATALOG_COMPILER_GLOBAL_ACCENT_COLOR_NAME = AccentColor;
				CODE_SIGN_ENTITLEMENTS = TRkbsTimeRecord/TRkbsTimeRecord.entitlements;
				CODE_SIGN_STYLE = Automatic;
				CURRENT_PROJECT_VERSION = 1.0.0.1;
				DEVELOPMENT_TEAM = 53ADUL6525;
				GENERATE_INFOPLIST_FILE = YES;
				INFOPLIST_FILE = TRkbsTimeRecord/Info.plist;
				INFOPLIST_KEY_CFBundleDisplayName = "Habit Recorder";
				INFOPLIST_KEY_NSCameraUsageDescription = "App needs your camera permission to take photo and edit it shape, mask, cut it, add stickers, text and other effect.";
				INFOPLIST_KEY_NSPhotoLibraryAddUsageDescription = "App needs your photo gallery permission to choose photo, and apply the shape editor, video cut, sticker, text and other effect.";
				INFOPLIST_KEY_NSPhotoLibraryUsageDescription = "App needs your photo gallery permission to choose and save photo, and apply the shape editor, video cut, sticker, textand other effect.";
				INFOPLIST_KEY_NSUserTrackingUsageDescription = "This identifier will be used to personalize ads to you";
				INFOPLIST_KEY_UIApplicationSupportsIndirectInputEvents = YES;
				INFOPLIST_KEY_UILaunchStoryboardName = LaunchScreen;
				INFOPLIST_KEY_UIMainStoryboardFile = Main;
				INFOPLIST_KEY_UISupportedInterfaceOrientations_iPad = "UIInterfaceOrientationPortrait UIInterfaceOrientationPortraitUpsideDown UIInterfaceOrientationLandscapeLeft UIInterfaceOrientationLandscapeRight";
				INFOPLIST_KEY_UISupportedInterfaceOrientations_iPhone = "UIInterfaceOrientationPortrait UIInterfaceOrientationLandscapeLeft UIInterfaceOrientationLandscapeRight";
				IPHONEOS_DEPLOYMENT_TARGET = 13.0;
				LD_RUNPATH_SEARCH_PATHS = (
					"$(inherited)",
					"@executable_path/Frameworks",
				);
				MARKETING_VERSION = 1.0.0;
				PRODUCT_BUNDLE_IDENTIFIER = com.picpli.pailide;
				PRODUCT_NAME = "$(TARGET_NAME)";
				SWIFT_EMIT_LOC_STRINGS = YES;
				SWIFT_VERSION = 5.0;
				TARGETED_DEVICE_FAMILY = 1;
			};
			name = Debug;
		};
		EB433F6B2828B7FB00830F26 /* Release */ = {
			isa = XCBuildConfiguration;
			baseConfigurationReference = 4D0EAA09015EFD65A0A89575 /* Pods-TRkbsTimeRecord.release.xcconfig */;
			buildSettings = {
				ASSETCATALOG_COMPILER_APPICON_NAME = AppIcon;
				ASSETCATALOG_COMPILER_GLOBAL_ACCENT_COLOR_NAME = AccentColor;
				CODE_SIGN_ENTITLEMENTS = TRkbsTimeRecord/TRkbsTimeRecordRelease.entitlements;
				CODE_SIGN_STYLE = Automatic;
				CURRENT_PROJECT_VERSION = 1.0.0.1;
				DEVELOPMENT_TEAM = 53ADUL6525;
				EXCLUDED_ARCHS = armv7;
				GENERATE_INFOPLIST_FILE = YES;
				INFOPLIST_FILE = TRkbsTimeRecord/Info.plist;
				INFOPLIST_KEY_CFBundleDisplayName = "Habit Recorder";
				INFOPLIST_KEY_NSCameraUsageDescription = "App needs your camera permission to take photo and edit it shape, mask, cut it, add stickers, text and other effect.";
				INFOPLIST_KEY_NSPhotoLibraryAddUsageDescription = "App needs your photo gallery permission to choose photo, and apply the shape editor, video cut, sticker, text and other effect.";
				INFOPLIST_KEY_NSPhotoLibraryUsageDescription = "App needs your photo gallery permission to choose and save photo, and apply the shape editor, video cut, sticker, textand other effect.";
				INFOPLIST_KEY_NSUserTrackingUsageDescription = "This identifier will be used to personalize ads to you";
				INFOPLIST_KEY_UIApplicationSupportsIndirectInputEvents = YES;
				INFOPLIST_KEY_UILaunchStoryboardName = LaunchScreen;
				INFOPLIST_KEY_UIMainStoryboardFile = Main;
				INFOPLIST_KEY_UISupportedInterfaceOrientations_iPad = "UIInterfaceOrientationPortrait UIInterfaceOrientationPortraitUpsideDown UIInterfaceOrientationLandscapeLeft UIInterfaceOrientationLandscapeRight";
				INFOPLIST_KEY_UISupportedInterfaceOrientations_iPhone = "UIInterfaceOrientationPortrait UIInterfaceOrientationLandscapeLeft UIInterfaceOrientationLandscapeRight";
				IPHONEOS_DEPLOYMENT_TARGET = 13.0;
				LD_RUNPATH_SEARCH_PATHS = (
					"$(inherited)",
					"@executable_path/Frameworks",
				);
				MARKETING_VERSION = 1.0.0;
				PRODUCT_BUNDLE_IDENTIFIER = com.picpli.pailide;
				PRODUCT_NAME = "$(TARGET_NAME)";
				SWIFT_EMIT_LOC_STRINGS = YES;
				SWIFT_VERSION = 5.0;
				TARGETED_DEVICE_FAMILY = 1;
			};
			name = Release;
		};
/* End XCBuildConfiguration section */

/* Begin XCConfigurationList section */
		EB433F502828B7F800830F26 /* Build configuration list for PBXProject "TRkbsTimeRecord" */ = {
			isa = XCConfigurationList;
			buildConfigurations = (
				EB433F672828B7FB00830F26 /* Debug */,
				EB433F682828B7FB00830F26 /* Release */,
			);
			defaultConfigurationIsVisible = 0;
			defaultConfigurationName = Release;
		};
		EB433F692828B7FB00830F26 /* Build configuration list for PBXNativeTarget "TRkbsTimeRecord" */ = {
			isa = XCConfigurationList;
			buildConfigurations = (
				EB433F6A2828B7FB00830F26 /* Debug */,
				EB433F6B2828B7FB00830F26 /* Release */,
			);
			defaultConfigurationIsVisible = 0;
			defaultConfigurationName = Release;
		};
/* End XCConfigurationList section */
	};
	rootObject = EB433F4D2828B7F800830F26 /* Project object */;
}
